
Microsoft Visual Studio Solution File, Format Version 12.00
# Visual Studio Version 17
VisualStudioVersion = 17.0.32112.339
MinimumVisualStudioVersion = 10.0.40219.1
Project("{9A19103F-16F7-4668-BE54-9A1E7A4F7556}") = "library-web-apis", "library-web-apis\library-web-apis.csproj", "{6BC2D97F-0C45-43BD-A0F9-A319D51A67EC}"
EndProject
Global
	GlobalSection(SolutionConfigurationPlatforms) = preSolution
		Debug|Any CPU = Debug|Any CPU
		Release|Any CPU = Release|Any CPU
	EndGlobalSection
	GlobalSection(ProjectConfigurationPlatforms) = postSolution
		{6BC2D97F-0C45-43BD-A0F9-A319D51A67EC}.Debug|Any CPU.ActiveCfg = Debug|Any CPU
		{6BC2D97F-0C45-43BD-A0F9-A319D51A67EC}.Debug|Any CPU.Build.0 = Debug|Any CPU
		{6BC2D97F-0C45-43BD-A0F9-A319D51A67EC}.Release|Any CPU.ActiveCfg = Release|Any CPU
		{6BC2D97F-0C45-43BD-A0F9-A319D51A67EC}.Release|Any CPU.Build.0 = Release|Any CPU
	EndGlobalSection
	GlobalSection(SolutionProperties) = preSolution
		HideSolutionNode = FALSE
	EndGlobalSection
	GlobalSection(ExtensibilityGlobals) = postSolution
		SolutionGuid = {086C12CF-AB4C-4F95-B7B9-7DEFE75857F2}
	EndGlobalSection
EndGlobal
